// !$*UTF8*$!
{
	archiveVersion = 1;
	classes = {
	};
	objectVersion = 55;
	objects = {

/* Begin PBXBuildFile section */
		6AE9DE502863361900C2B9D2 /* CameraHeaderView.swift in Sources */ = {isa = PBXBuildFile; fileRef = 6AE9DE4F2863361900C2B9D2 /* CameraHeaderView.swift */; };
		6AE9DE522863389400C2B9D2 /* Extension.swift in Sources */ = {isa = PBXBuildFile; fileRef = 6AE9DE512863389400C2B9D2 /* Extension.swift */; };
		6AF0D0192863306500848995 /* AppDelegate.swift in Sources */ = {isa = PBXBuildFile; fileRef = 6AF0D0182863306500848995 /* AppDelegate.swift */; };
		6AF0D01B2863306500848995 /* SceneDelegate.swift in Sources */ = {isa = PBXBuildFile; fileRef = 6AF0D01A2863306500848995 /* SceneDelegate.swift */; };
		6AF0D01D2863306500848995 /* ViewController.swift in Sources */ = {isa = PBXBuildFile; fileRef = 6AF0D01C2863306500848995 /* ViewController.swift */; };
		6AF0D0202863306500848995 /* Main.storyboard in Resources */ = {isa = PBXBuildFile; fileRef = 6AF0D01E2863306500848995 /* Main.storyboard */; };
		6AF0D0222863306600848995 /* Assets.xcassets in Resources */ = {isa = PBXBuildFile; fileRef = 6AF0D0212863306600848995 /* Assets.xcassets */; };
		6AF0D0252863306600848995 /* LaunchScreen.storyboard in Resources */ = {isa = PBXBuildFile; fileRef = 6AF0D0232863306600848995 /* LaunchScreen.storyboard */; };
		E3C59B35FDAB9539400606DE /* Pods_Cheese.framework in Frameworks */ = {isa = PBXBuildFile; fileRef = 56791ABA94BD87C99A6FF208 /* Pods_Cheese.framework */; };
/* End PBXBuildFile section */

/* Begin PBXFileReference section */
		56791ABA94BD87C99A6FF208 /* Pods_Cheese.framework */ = {isa = PBXFileReference; explicitFileType = wrapper.framework; includeInIndex = 0; path = Pods_Cheese.framework; sourceTree = BUILT_PRODUCTS_DIR; };
		6AE9DE4F2863361900C2B9D2 /* CameraHeaderView.swift */ = {isa = PBXFileReference; lastKnownFileType = sourcecode.swift; path = CameraHeaderView.swift; sourceTree = "<group>"; };
		6AE9DE512863389400C2B9D2 /* Extension.swift */ = {isa = PBXFileReference; lastKnownFileType = sourcecode.swift; path = Extension.swift; sourceTree = "<group>"; };
		6AF0D0152863306500848995 /* Cheese.app */ = {isa = PBXFileReference; explicitFileType = wrapper.application; includeInIndex = 0; path = Cheese.app; sourceTree = BUILT_PRODUCTS_DIR; };
		6AF0D0182863306500848995 /* AppDelegate.swift */ = {isa = PBXFileReference; lastKnownFileType = sourcecode.swift; path = AppDelegate.swift; sourceTree = "<group>"; };
		6AF0D01A2863306500848995 /* SceneDelegate.swift */ = {isa = PBXFileReference; lastKnownFileType = sourcecode.swift; path = SceneDelegate.swift; sourceTree = "<group>"; };
		6AF0D01C2863306500848995 /* ViewController.swift */ = {isa = PBXFileReference; lastKnownFileType = sourcecode.swift; path = ViewController.swift; sourceTree = "<group>"; };
		6AF0D01F2863306500848995 /* Base */ = {isa = PBXFileReference; lastKnownFileType = file.storyboard; name = Base; path = Base.lproj/Main.storyboard; sourceTree = "<group>"; };
		6AF0D0212863306600848995 /* Assets.xcassets */ = {isa = PBXFileReference; lastKnownFileType = folder.assetcatalog; path = Assets.xcassets; sourceTree = "<group>"; };
		6AF0D0242863306600848995 /* Base */ = {isa = PBXFileReference; lastKnownFileType = file.storyboard; name = Base; path = Base.lproj/LaunchScreen.storyboard; sourceTree = "<group>"; };
		6AF0D0262863306600848995 /* Info.plist */ = {isa = PBXFileReference; lastKnownFileType = text.plist.xml; path = Info.plist; sourceTree = "<group>"; };
		B244732EEA541D45D5225B0F /* Pods-Cheese.debug.xcconfig */ = {isa = PBXFileReference; includeInIndex = 1; lastKnownFileType = text.xcconfig; name = "Pods-Cheese.debug.xcconfig"; path = "Target Support Files/Pods-Cheese/Pods-Cheese.debug.xcconfig"; sourceTree = "<group>"; };
		FA29289B8D56E09FC10DBAA8 /* Pods-Cheese.release.xcconfig */ = {isa = PBXFileReference; includeInIndex = 1; lastKnownFileType = text.xcconfig; name = "Pods-Cheese.release.xcconfig"; path = "Target Support Files/Pods-Cheese/Pods-Cheese.release.xcconfig"; sourceTree = "<group>"; };
/* End PBXFileReference section */

/* Begin PBXFrameworksBuildPhase section */
		6AF0D0122863306500848995 /* Frameworks */ = {
			isa = PBXFrameworksBuildPhase;
			buildActionMask = 2147483647;
			files = (
				E3C59B35FDAB9539400606DE /* Pods_Cheese.framework in Frameworks */,
			);
			runOnlyForDeploymentPostprocessing = 0;
		};
/* End PBXFrameworksBuildPhase section */

/* Begin PBXGroup section */
		0C99727F10841ED0E1C9A6FD /* Frameworks */ = {
			isa = PBXGroup;
			children = (
				56791ABA94BD87C99A6FF208 /* Pods_Cheese.framework */,
			);
			name = Frameworks;
			sourceTree = "<group>";
		};
		6AF0D00C2863306400848995 = {
			isa = PBXGroup;
			children = (
				6AF0D0172863306500848995 /* Cheese */,
				6AF0D0162863306500848995 /* Products */,
				7346F609E5698D3D2C1D23EC /* Pods */,
				0C99727F10841ED0E1C9A6FD /* Frameworks */,
			);
			sourceTree = "<group>";
		};
		6AF0D0162863306500848995 /* Products */ = {
			isa = PBXGroup;
			children = (
				6AF0D0152863306500848995 /* Cheese.app */,
			);
			name = Products;
			sourceTree = "<group>";
		};
		6AF0D0172863306500848995 /* Cheese */ = {
			isa = PBXGroup;
			children = (
				6AF0D0182863306500848995 /* AppDelegate.swift */,
				6AF0D01A2863306500848995 /* SceneDelegate.swift */,
				6AF0D01C2863306500848995 /* ViewController.swift */,
				6AF0D01E2863306500848995 /* Main.storyboard */,
				6AF0D0212863306600848995 /* Assets.xcassets */,
				6AF0D0232863306600848995 /* LaunchScreen.storyboard */,
				6AF0D0262863306600848995 /* Info.plist */,
				6AE9DE4F2863361900C2B9D2 /* CameraHeaderView.swift */,
				6AE9DE512863389400C2B9D2 /* Extension.swift */,
			);
			path = Cheese;
			sourceTree = "<group>";
		};
		7346F609E5698D3D2C1D23EC /* Pods */ = {
			isa = PBXGroup;
			children = (
				B244732EEA541D45D5225B0F /* Pods-Cheese.debug.xcconfig */,
				FA29289B8D56E09FC10DBAA8 /* Pods-Cheese.release.xcconfig */,
			);
			path = Pods;
			sourceTree = "<group>";
		};
/* End PBXGroup section */

/* Begin PBXNativeTarget section */
		6AF0D0142863306500848995 /* Cheese */ = {
			isa = PBXNativeTarget;
			buildConfigurationList = 6AF0D0292863306600848995 /* Build configuration list for PBXNativeTarget "Cheese" */;
			buildPhases = (
				98EA9FAB469E6E2A676894C8 /* [CP] Check Pods Manifest.lock */,
				6AF0D0112863306500848995 /* Sources */,
				6AF0D0122863306500848995 /* Frameworks */,
				6AF0D0132863306500848995 /* Resources */,
				54B2F2249D1A891150D22876 /* [CP] Embed Pods Frameworks */,
			);
			buildRules = (
			);
			dependencies = (
			);
			name = Cheese;
			productName = Cheese;
			productReference = 6AF0D0152863306500848995 /* Cheese.app */;
			productType = "com.apple.product-type.application";
		};
/* End PBXNativeTarget section */

/* Begin PBXProject section */
		6AF0D00D2863306400848995 /* Project object */ = {
			isa = PBXProject;
			attributes = {
				BuildIndependentTargetsInParallel = 1;
				LastSwiftUpdateCheck = 1340;
				LastUpgradeCheck = 1340;
				TargetAttributes = {
					6AF0D0142863306500848995 = {
						CreatedOnToolsVersion = 13.4.1;
					};
				};
			};
			buildConfigurationList = 6AF0D0102863306400848995 /* Build configuration list for PBXProject "Cheese" */;
			compatibilityVersion = "Xcode 13.0";
			developmentRegion = en;
			hasScannedForEncodings = 0;
			knownRegions = (
				en,
				Base,
			);
			mainGroup = 6AF0D00C2863306400848995;
			productRefGroup = 6AF0D0162863306500848995 /* Products */;
			projectDirPath = "";
			projectRoot = "";
			targets = (
				6AF0D0142863306500848995 /* Cheese */,
			);
		};
/* End PBXProject section */

/* Begin PBXResourcesBuildPhase section */
		6AF0D0132863306500848995 /* Resources */ = {
			isa = PBXResourcesBuildPhase;
			buildActionMask = 2147483647;
			files = (
				6AF0D0252863306600848995 /* LaunchScreen.storyboard in Resources */,
				6AF0D0222863306600848995 /* Assets.xcassets in Resources */,
				6AF0D0202863306500848995 /* Main.storyboard in Resources */,
			);
			runOnlyForDeploymentPostprocessing = 0;
		};
/* End PBXResourcesBuildPhase section */

/* Begin PBXShellScriptBuildPhase section */
		54B2F2249D1A891150D22876 /* [CP] Embed Pods Frameworks */ = {
			isa = PBXShellScriptBuildPhase;
			buildActionMask = 2147483647;
			files = (
			);
			inputFileListPaths = (
				"${PODS_ROOT}/Target Support Files/Pods-Cheese/Pods-Cheese-frameworks-${CONFIGURATION}-input-files.xcfilelist",
			);
			name = "[CP] Embed Pods Frameworks";
			outputFileListPaths = (
				"${PODS_ROOT}/Target Support Files/Pods-Cheese/Pods-Cheese-frameworks-${CONFIGURATION}-output-files.xcfilelist",
			);
			runOnlyForDeploymentPostprocessing = 0;
			shellPath = /bin/sh;
			shellScript = "\"${PODS_ROOT}/Target Support Files/Pods-Cheese/Pods-Cheese-frameworks.sh\"\n";
			showEnvVarsInLog = 0;
		};
		98EA9FAB469E6E2A676894C8 /* [CP] Check Pods Manifest.lock */ = {
			isa = PBXShellScriptBuildPhase;
			buildActionMask = 2147483647;
			files = (
			);
			inputFileListPaths = (
			);
			inputPaths = (
				"${PODS_PODFILE_DIR_PATH}/Podfile.lock",
				"${PODS_ROOT}/Manifest.lock",
			);
			name = "[CP] Check Pods Manifest.lock";
			outputFileListPaths = (
			);
			outputPaths = (
				"$(DERIVED_FILE_DIR)/Pods-Cheese-checkManifestLockResult.txt",
			);
			runOnlyForDeploymentPostprocessing = 0;
			shellPath = /bin/sh;
			shellScript = "diff \"${PODS_PODFILE_DIR_PATH}/Podfile.lock\" \"${PODS_ROOT}/Manifest.lock\" > /dev/null\nif [ $? != 0 ] ; then\n    # print error to STDERR\n    echo \"error: The sandbox is not in sync with the Podfile.lock. Run 'pod install' or update your CocoaPods installation.\" >&2\n    exit 1\nfi\n# This output is used by Xcode 'outputs' to avoid re-running this script phase.\necho \"SUCCESS\" > \"${SCRIPT_OUTPUT_FILE_0}\"\n";
			showEnvVarsInLog = 0;
		};
/* End PBXShellScriptBuildPhase section */

/* Begin PBXSourcesBuildPhase section */
		6AF0D0112863306500848995 /* Sources */ = {
			isa = PBXSourcesBuildPhase;
			buildActionMask = 2147483647;
			files = (
				6AE9DE522863389400C2B9D2 /* Extension.swift in Sources */,
				6AF0D01D2863306500848995 /* ViewController.swift in Sources */,
				6AF0D0192863306500848995 /* AppDelegate.swift in Sources */,
				6AE9DE502863361900C2B9D2 /* CameraHeaderView.swift in Sources */,
				6AF0D01B2863306500848995 /* SceneDelegate.swift in Sources */,
			);
			runOnlyForDeploymentPostprocessing = 0;
		};
/* End PBXSourcesBuildPhase section */

/* Begin PBXVariantGroup section */
		6AF0D01E2863306500848995 /* Main.storyboard */ = {
			isa = PBXVariantGroup;
			children = (
				6AF0D01F2863306500848995 /* Base */,
			);
			name = Main.storyboard;
			sourceTree = "<group>";
		};
		6AF0D0232863306600848995 /* LaunchScreen.storyboard */ = {
			isa = PBXVariantGroup;
			children = (
				6AF0D0242863306600848995 /* Base */,
			);
			name = LaunchScreen.storyboard;
			sourceTree = "<group>";
		};
/* End PBXVariantGroup section */

/* Begin XCBuildConfiguration section */
		6AF0D0272863306600848995 /* Debug */ = {
			isa = XCBuildConfiguration;
			buildSettings = {
				ALWAYS_SEARCH_USER_PATHS = NO;
				CLANG_ANALYZER_NONNULL = YES;
				CLANG_ANALYZER_NUMBER_OBJECT_CONVERSION = YES_AGGRESSIVE;
				CLANG_CXX_LANGUAGE_STANDARD = "gnu++17";
				CLANG_ENABLE_MODULES = YES;
				CLANG_ENABLE_OBJC_ARC = YES;
				CLANG_ENABLE_OBJC_WEAK = YES;
				CLANG_WARN_BLOCK_CAPTURE_AUTORELEASING = YES;
				CLANG_WARN_BOOL_CONVERSION = YES;
				CLANG_WARN_COMMA = YES;
				CLANG_WARN_CONSTANT_CONVERSION = YES;
				CLANG_WARN_DEPRECATED_OBJC_IMPLEMENTATIONS = YES;
				CLANG_WARN_DIRECT_OBJC_ISA_USAGE = YES_ERROR;
				CLANG_WARN_DOCUMENTATION_COMMENTS = YES;
				CLANG_WARN_EMPTY_BODY = YES;
				CLANG_WARN_ENUM_CONVERSION = YES;
				CLANG_WARN_INFINITE_RECURSION = YES;
				CLANG_WARN_INT_CONVERSION = YES;
				CLANG_WARN_NON_LITERAL_NULL_CONVERSION = YES;
				CLANG_WARN_OBJC_IMPLICIT_RETAIN_SELF = YES;
				CLANG_WARN_OBJC_LITERAL_CONVERSION = YES;
				CLANG_WARN_OBJC_ROOT_CLASS = YES_ERROR;
				CLANG_WARN_QUOTED_INCLUDE_IN_FRAMEWORK_HEADER = YES;
				CLANG_WARN_RANGE_LOOP_ANALYSIS = YES;
				CLANG_WARN_STRICT_PROTOTYPES = YES;
				CLANG_WARN_SUSPICIOUS_MOVE = YES;
				CLANG_WARN_UNGUARDED_AVAILABILITY = YES_AGGRESSIVE;
				CLANG_WARN_UNREACHABLE_CODE = YES;
				CLANG_WARN__DUPLICATE_METHOD_MATCH = YES;
				COPY_PHASE_STRIP = NO;
				DEBUG_INFORMATION_FORMAT = dwarf;
				ENABLE_STRICT_OBJC_MSGSEND = YES;
				ENABLE_TESTABILITY = YES;
				GCC_C_LANGUAGE_STANDARD = gnu11;
				GCC_DYNAMIC_NO_PIC = NO;
				GCC_NO_COMMON_BLOCKS = YES;
				GCC_OPTIMIZATION_LEVEL = 0;
				GCC_PREPROCESSOR_DEFINITIONS = (
					"DEBUG=1",
					"$(inherited)",
				);
				GCC_WARN_64_TO_32_BIT_CONVERSION = YES;
				GCC_WARN_ABOUT_RETURN_TYPE = YES_ERROR;
				GCC_WARN_UNDECLARED_SELECTOR = YES;
				GCC_WARN_UNINITIALIZED_AUTOS = YES_AGGRESSIVE;
				GCC_WARN_UNUSED_FUNCTION = YES;
				GCC_WARN_UNUSED_VARIABLE = YES;
				IPHONEOS_DEPLOYMENT_TARGET = 15.5;
				MTL_ENABLE_DEBUG_INFO = INCLUDE_SOURCE;
				MTL_FAST_MATH = YES;
				ONLY_ACTIVE_ARCH = YES;
				SDKROOT = iphoneos;
				SWIFT_ACTIVE_COMPILATION_CONDITIONS = DEBUG;
				SWIFT_OPTIMIZATION_LEVEL = "-Onone";
			};
			name = Debug;
		};
		6AF0D0282863306600848995 /* Release */ = {
			isa = XCBuildConfiguration;
			buildSettings = {
				ALWAYS_SEARCH_USER_PATHS = NO;
				CLANG_ANALYZER_NONNULL = YES;
				CLANG_ANALYZER_NUMBER_OBJECT_CONVERSION = YES_AGGRESSIVE;
				CLANG_CXX_LANGUAGE_STANDARD = "gnu++17";
				CLANG_ENABLE_MODULES = YES;
				CLANG_ENABLE_OBJC_ARC = YES;
				CLANG_ENABLE_OBJC_WEAK = YES;
				CLANG_WARN_BLOCK_CAPTURE_AUTORELEASING = YES;
				CLANG_WARN_BOOL_CONVERSION = YES;
				CLANG_WARN_COMMA = YES;
				CLANG_WARN_CONSTANT_CONVERSION = YES;
				CLANG_WARN_DEPRECATED_OBJC_IMPLEMENTATIONS = YES;
				CLANG_WARN_DIRECT_OBJC_ISA_USAGE = YES_ERROR;
				CLANG_WARN_DOCUMENTATION_COMMENTS = YES;
				CLANG_WARN_EMPTY_BODY = YES;
				CLANG_WARN_ENUM_CONVERSION = YES;
				CLANG_WARN_INFINITE_RECURSION = YES;
				CLANG_WARN_INT_CONVERSION = YES;
				CLANG_WARN_NON_LITERAL_NULL_CONVERSION = YES;
				CLANG_WARN_OBJC_IMPLICIT_RETAIN_SELF = YES;
				CLANG_WARN_OBJC_LITERAL_CONVERSION = YES;
				CLANG_WARN_OBJC_ROOT_CLASS = YES_ERROR;
				CLANG_WARN_QUOTED_INCLUDE_IN_FRAMEWORK_HEADER = YES;
				CLANG_WARN_RANGE_LOOP_ANALYSIS = YES;
				CLANG_WARN_STRICT_PROTOTYPES = YES;
				CLANG_WARN_SUSPICIOUS_MOVE = YES;
				CLANG_WARN_UNGUARDED_AVAILABILITY = YES_AGGRESSIVE;
				CLANG_WARN_UNREACHABLE_CODE = YES;
				CLANG_WARN__DUPLICATE_METHOD_MATCH = YES;
				COPY_PHASE_STRIP = NO;
				DEBUG_INFORMATION_FORMAT = "dwarf-with-dsym";
				ENABLE_NS_ASSERTIONS = NO;
				ENABLE_STRICT_OBJC_MSGSEND = YES;
				GCC_C_LANGUAGE_STANDARD = gnu11;
				GCC_NO_COMMON_BLOCKS = YES;
				GCC_WARN_64_TO_32_BIT_CONVERSION = YES;
				GCC_WARN_ABOUT_RETURN_TYPE = YES_ERROR;
				GCC_WARN_UNDECLARED_SELECTOR = YES;
				GCC_WARN_UNINITIALIZED_AUTOS = YES_AGGRESSIVE;
				GCC_WARN_UNUSED_FUNCTION = YES;
				GCC_WARN_UNUSED_VARIABLE = YES;
				IPHONEOS_DEPLOYMENT_TARGET = 15.5;
				MTL_ENABLE_DEBUG_INFO = NO;
				MTL_FAST_MATH = YES;
				SDKROOT = iphoneos;
				SWIFT_COMPILATION_MODE = wholemodule;
				SWIFT_OPTIMIZATION_LEVEL = "-O";
				VALIDATE_PRODUCT = YES;
			};
			name = Release;
		};
		6AF0D02A2863306600848995 /* Debug */ = {
			isa = XCBuildConfiguration;
			baseConfigurationReference = B244732EEA541D45D5225B0F /* Pods-Cheese.debug.xcconfig */;
			buildSettings = {
				ASSETCATALOG_COMPILER_APPICON_NAME = AppIcon;
				ASSETCATALOG_COMPILER_GLOBAL_ACCENT_COLOR_NAME = AccentColor;
				CODE_SIGN_STYLE = Automatic;
				CURRENT_PROJECT_VERSION = 1;
				DEVELOPMENT_TEAM = Q25U65UWAP;
				GENERATE_INFOPLIST_FILE = YES;
				INFOPLIST_FILE = Cheese/Info.plist;
				INFOPLIST_KEY_UIApplicationSupportsIndirectInputEvents = YES;
				INFOPLIST_KEY_UILaunchStoryboardName = LaunchScreen;
				INFOPLIST_KEY_UISupportedInterfaceOrientations_iPad = "UIInterfaceOrientationPortrait UIInterfaceOrientationPortraitUpsideDown UIInterfaceOrientationLandscapeLeft UIInterfaceOrientationLandscapeRight";
				INFOPLIST_KEY_UISupportedInterfaceOrientations_iPhone = "UIInterfaceOrientationPortrait UIInterfaceOrientationLandscapeLeft UIInterfaceOrientationLandscapeRight";
				LD_RUNPATH_SEARCH_PATHS = (
					"$(inherited)",
					"@executable_path/Frameworks",
				);
				MARKETING_VERSION = 1.0;
				PRODUCT_BUNDLE_IDENTIFIER = com.app.Cheese;
				PRODUCT_NAME = "$(TARGET_NAME)";
				SWIFT_EMIT_LOC_STRINGS = YES;
				SWIFT_VERSION = 5.0;
				TARGETED_DEVICE_FAMILY = "1,2";
			};
			name = Debug;
		};
		6AF0D02B2863306600848995 /* Release */ = {
			isa = XCBuildConfiguration;
			baseConfigurationReference = FA29289B8D56E09FC10DBAA8 /* Pods-Cheese.release.xcconfig */;
			buildSettings = {
				ASSETCATALOG_COMPILER_APPICON_NAME = AppIcon;
				ASSETCATALOG_COMPILER_GLOBAL_ACCENT_COLOR_NAME = AccentColor;
				CODE_SIGN_STYLE = Automatic;
				CURRENT_PROJECT_VERSION = 1;
				DEVELOPMENT_TEAM = Q25U65UWAP;
				GENERATE_INFOPLIST_FILE = YES;
				INFOPLIST_FILE = Cheese/Info.plist;
				INFOPLIST_KEY_UIApplicationSupportsIndirectInputEvents = YES;
				INFOPLIST_KEY_UILaunchStoryboardName = LaunchScreen;
				INFOPLIST_KEY_UISupportedInterfaceOrientations_iPad = "UIInterfaceOrientationPortrait UIInterfaceOrientationPortraitUpsideDown UIInterfaceOrientationLandscapeLeft UIInterfaceOrientationLandscapeRight";
				INFOPLIST_KEY_UISupportedInterfaceOrientations_iPhone = "UIInterfaceOrientationPortrait UIInterfaceOrientationLandscapeLeft UIInterfaceOrientationLandscapeRight";
				LD_RUNPATH_SEARCH_PATHS = (
					"$(inherited)",
					"@executable_path/Frameworks",
				);
				MARKETING_VERSION = 1.0;
				PRODUCT_BUNDLE_IDENTIFIER = com.app.Cheese;
				PRODUCT_NAME = "$(TARGET_NAME)";
				SWIFT_EMIT_LOC_STRINGS = YES;
				SWIFT_VERSION = 5.0;
				TARGETED_DEVICE_FAMILY = "1,2";
			};
			name = Release;
		};
/* End XCBuildConfiguration section */

/* Begin XCConfigurationList section */
		6AF0D0102863306400848995 /* Build configuration list for PBXProject "Cheese" */ = {
			isa = XCConfigurationList;
			buildConfigurations = (
				6AF0D0272863306600848995 /* Debug */,
				6AF0D0282863306600848995 /* Release */,
			);
			defaultConfigurationIsVisible = 0;
			defaultConfigurationName = Release;
		};
		6AF0D0292863306600848995 /* Build configuration list for PBXNativeTarget "Cheese" */ = {
			isa = XCConfigurationList;
			buildConfigurations = (
				6AF0D02A2863306600848995 /* Debug */,
				6AF0D02B2863306600848995 /* Release */,
			);
			defaultConfigurationIsVisible = 0;
			defaultConfigurationName = Release;
		};
/* End XCConfigurationList section */
	};
	rootObject = 6AF0D00D2863306400848995 /* Project object */;
}
